{
    "_readme": [
        "This file locks the dependencies of your project to a known state",
        "Read more about it at http://getcomposer.org/doc/01-basic-usage.md#composer-lock-the-lock-file",
        "This file is @generated automatically"
    ],
    "hash": "722b37fff5dc7b2e46baa6f67e931770",
    "packages": [
        {
            "name": "simplyadmire/composer-plugins",
            "version": "2.0.1",
            "source": {
                "type": "git",
                "url": "https://github.com/SimplyAdmire/ComposerPlugins.git",
                "reference": "9e0c76952a71caa1d953ee5779b7d4c4c298d142"
            },
            "dist": {
                "type": "zip",
                "url": "https://api.github.com/repos/SimplyAdmire/ComposerPlugins/zipball/9e0c76952a71caa1d953ee5779b7d4c4c298d142",
                "reference": "9e0c76952a71caa1d953ee5779b7d4c4c298d142",
                "shasum": ""
            },
            "require": {
                "composer-plugin-api": "1.0.0",
                "squizlabs/php_codesniffer": "*"
            },
            "type": "composer-plugin",
            "extra": {
                "class": [
                    "SimplyAdmire\\ComposerPlugins\\PhpCodesnifferStandardInstallerPlugin"
                ]
            },
            "autoload": {
                "psr-0": {
                    "SimplyAdmire\\ComposerPlugins": ""
                }
            },
            "notification-url": "https://packagist.org/downloads/",
            "license": [
                "LGPL-3.0+"
            ],
            "authors": [
                {
                    "name": "Rens Admiraal",
                    "email": "rens@simplyadmire.com",
                    "role": "lead"
                }
            ],
            "description": "Composer plugin for installing PHP_CodeSniffer standards",
            "keywords": [
                "PHP_CodeSniffer",
                "TYPO3 CMS",
                "TYPO3 Flow",
                "TYPO3 Neos",
                "phpcs",
                "standards",
                "typo3"
            ],
            "time": "2015-06-21 20:23:06"
        },
        {
            "name": "squizlabs/php_codesniffer",
            "version": "2.3.3",
            "source": {
                "type": "git",
                "url": "https://github.com/squizlabs/PHP_CodeSniffer.git",
                "reference": "c1a26c729508f73560c1a4f767f60b8ab6b4a666"
            },
            "dist": {
                "type": "zip",
                "url": "https://api.github.com/repos/squizlabs/PHP_CodeSniffer/zipball/c1a26c729508f73560c1a4f767f60b8ab6b4a666",
                "reference": "c1a26c729508f73560c1a4f767f60b8ab6b4a666",
                "shasum": ""
            },
            "require": {
                "ext-tokenizer": "*",
                "ext-xmlwriter": "*",
                "php": ">=5.1.2"
            },
            "bin": [
                "scripts/phpcs",
                "scripts/phpcbf"
            ],
            "type": "library",
            "extra": {
                "branch-alias": {
                    "dev-master": "2.0.x-dev"
                }
            },
            "autoload": {
                "classmap": [
                    "CodeSniffer.php",
                    "CodeSniffer/CLI.php",
                    "CodeSniffer/Exception.php",
                    "CodeSniffer/File.php",
                    "CodeSniffer/Fixer.php",
                    "CodeSniffer/Report.php",
                    "CodeSniffer/Reporting.php",
                    "CodeSniffer/Sniff.php",
                    "CodeSniffer/Tokens.php",
                    "CodeSniffer/Reports/",
                    "CodeSniffer/Tokenizers/",
                    "CodeSniffer/DocGenerators/",
                    "CodeSniffer/Standards/AbstractPatternSniff.php",
                    "CodeSniffer/Standards/AbstractScopeSniff.php",
                    "CodeSniffer/Standards/AbstractVariableSniff.php",
                    "CodeSniffer/Standards/IncorrectPatternException.php",
                    "CodeSniffer/Standards/Generic/Sniffs/",
                    "CodeSniffer/Standards/MySource/Sniffs/",
                    "CodeSniffer/Standards/PEAR/Sniffs/",
                    "CodeSniffer/Standards/PSR1/Sniffs/",
                    "CodeSniffer/Standards/PSR2/Sniffs/",
                    "CodeSniffer/Standards/Squiz/Sniffs/",
                    "CodeSniffer/Standards/Zend/Sniffs/"
                ]
            },
            "notification-url": "https://packagist.org/downloads/",
            "license": [
                "BSD-3-Clause"
            ],
            "authors": [
                {
                    "name": "Greg Sherwood",
                    "role": "lead"
                }
            ],
            "description": "PHP_CodeSniffer tokenizes PHP, JavaScript and CSS files and detects violations of a defined set of coding standards.",
            "homepage": "http://www.squizlabs.com/php-codesniffer",
            "keywords": [
                "phpcs",
                "standards"
            ],
            "time": "2015-06-24 03:16:23"
        },
        {
            "name": "typo3-ci/typo3cms",
            "version": "6.2.4",
            "source": {
                "type": "git",
                "url": "https://github.com/typo3-ci/TYPO3CMS.git",
                "reference": "701e9a37ee39e9acc5f21e463d3aebf7d706ddde"
            },
            "dist": {
                "type": "zip",
                "url": "https://api.github.com/repos/typo3-ci/TYPO3CMS/zipball/701e9a37ee39e9acc5f21e463d3aebf7d706ddde",
                "reference": "701e9a37ee39e9acc5f21e463d3aebf7d706ddde",
                "shasum": ""
            },
            "require": {
                "typo3-ci/typo3sniffpool": "~2.1"
            },
            "require-dev": {
                "phpunit/phpunit": "~4.7"
            },
            "type": "phpcodesniffer-standard",
            "notification-url": "https://packagist.org/downloads/",
            "license": [
                "GPL-2.0"
            ],
            "authors": [
                {
                    "name": "Stefano Kowalke",
                    "email": "blueduck@gmx.net",
                    "role": "lead"
                },
                {
                    "name": "Andy Grunwald",
                    "email": "andygrunwald@gmail.com",
                    "role": "lead"
                }
            ],
            "description": "This package contains a selection of sniffs which implements the Coding Guidelines for TYPO3CMS which was former known as TYPO3.",
            "homepage": "https://github.com/typo3-ci/TYPO3CMS",
            "keywords": [
                "cms",
                "codesniffer",
                "coding guidelines",
                "phpcs",
                "quality assurance",
                "standards",
                "typo3"
            ],
            "time": "2015-06-14 16:02:38"
        },
        {
            "name": "typo3-ci/typo3sniffpool",
            "version": "2.1.1",
            "source": {
                "type": "git",
                "url": "https://github.com/typo3-ci/TYPO3SniffPool.git",
                "reference": "d35b762208cdf3d9ec71401930719de6156d532d"
            },
            "dist": {
                "type": "zip",
                "url": "https://api.github.com/repos/typo3-ci/TYPO3SniffPool/zipball/d35b762208cdf3d9ec71401930719de6156d532d",
                "reference": "d35b762208cdf3d9ec71401930719de6156d532d",
                "shasum": ""
            },
            "require": {
                "php": ">=5.2.1",
                "simplyadmire/composer-plugins": "~2.0",
                "squizlabs/php_codesniffer": "~2.3"
            },
            "replace": {
                "typo3/codesniffer": "*"
            },
            "require-dev": {
                "phpunit/phpunit": "~4.7"
            },
            "suggest": {
                "typo3-ci/typo3cms": "The coding standard for TYPO3 CMS",
                "typo3-ci/typo3flow": "The coding standard for TYPO3 Flow"
            },
            "type": "phpcodesniffer-standard",
            "extra": {
                "branch-alias": {
                    "dev-master": "1.0.x-dev",
                    "dev-develop": "2.0.x-dev"
                }
            },
            "autoload": {
                "classmap": [
                    "Sniffs/"
                ]
            },
            "notification-url": "https://packagist.org/downloads/",
            "license": [
                "GPL-2.0"
            ],
            "authors": [
                {
                    "name": "Stefano Kowalke",
                    "email": "blueduck@gmx.net",
                    "role": "lead"
                },
                {
                    "name": "Andy Grunwald",
                    "email": "andygrunwald@gmail.com",
                    "role": "lead"
                }
            ],
            "description": "This repository contains custom sniffs which are compatible with the PHP_CodeSniffer. Understand this package as a sniff pool. It contains all custom sniffs for the TYPO3 project.",
            "homepage": "https://github.com/typo3-ci/TYPO3SniffPool",
            "keywords": [
                "codesniffer",
                "coding guidelines",
                "phpcs",
                "quality assurance",
                "standards",
                "typo3"
            ],
            "time": "2015-06-16 15:20:05"
        }
    ],
    "packages-dev": [],
    "aliases": [],
    "minimum-stability": "stable",
    "stability-flags": [],
    "prefer-stable": false,
    "platform": [],
    "platform-dev": []
}
